
Microsoft Visual Studio Solution File, Format Version 12.00
# Visual Studio 15
VisualStudioVersion = 15.0.28307.421
MinimumVisualStudioVersion = 10.0.40219.1
Project("{FAE04EC0-301F-11D3-BF4B-00C04F79EFBC}") = "rpg", "rpg\rpg.csproj", "{25D1CB3C-41E7-4F33-B3B2-847D3A681E0D}"
EndProject
Global
	GlobalSection(SolutionConfigurationPlatforms) = preSolution
		Debug|x86 = Debug|x86
		Release|x86 = Release|x86
	EndGlobalSection
	GlobalSection(ProjectConfigurationPlatforms) = postSolution
		{25D1CB3C-41E7-4F33-B3B2-847D3A681E0D}.Debug|x86.ActiveCfg = Debug|x86
		{25D1CB3C-41E7-4F33-B3B2-847D3A681E0D}.Debug|x86.Build.0 = Debug|x86
		{25D1CB3C-41E7-4F33-B3B2-847D3A681E0D}.Release|x86.ActiveCfg = Release|x86
		{25D1CB3C-41E7-4F33-B3B2-847D3A681E0D}.Release|x86.Build.0 = Release|x86
	EndGlobalSection
	GlobalSection(SolutionProperties) = preSolution
		HideSolutionNode = FALSE
	EndGlobalSection
	GlobalSection(ExtensibilityGlobals) = postSolution
		SolutionGuid = {856CAC43-863A-42B0-B2AB-3ABF28288997}
	EndGlobalSection
EndGlobal
